Microsoft Visual Studio Solution File, Format Version 12.00
# Visual Studio Version 17
VisualStudioVersion = 17.5.2.0
MinimumVisualStudioVersion = 10.0.40219.1
Project("{FAE04EC0-301F-11D3-BF4B-00C04F79EFBC}") = "SvendeApi", "SvendeApi.csproj", "{B996CE36-BB0F-14C1-8813-E610F25EC02E}"
EndProject
Global
	GlobalSection(SolutionConfigurationPlatforms) = preSolution
		Debug|Any CPU = Debug|Any CPU
		Release|Any CPU = Release|Any CPU
	EndGlobalSection
	GlobalSection(ProjectConfigurationPlatforms) = postSolution
		{B996CE36-BB0F-14C1-8813-E610F25EC02E}.Debug|Any CPU.ActiveCfg = Debug|Any CPU
		{B996CE36-BB0F-14C1-8813-E610F25EC02E}.Debug|Any CPU.Build.0 = Debug|Any CPU
		{B996CE36-BB0F-14C1-8813-E610F25EC02E}.Release|Any CPU.ActiveCfg = Release|Any CPU
		{B996CE36-BB0F-14C1-8813-E610F25EC02E}.Release|Any CPU.Build.0 = Release|Any CPU
	EndGlobalSection
	GlobalSection(SolutionProperties) = preSolution
		HideSolutionNode = FALSE
	EndGlobalSection
	GlobalSection(ExtensibilityGlobals) = postSolution
		SolutionGuid = {B6799BF1-B976-4903-89FD-B7AD8D5AB40E}
	EndGlobalSection
EndGlobal
