
Microsoft Visual Studio Solution File, Format Version 12.00
# Visual Studio Version 17
VisualStudioVersion = 17.5.2.0
MinimumVisualStudioVersion = 10.0.40219.1
Project("{FAE04EC0-301F-11D3-BF4B-00C04F79EFBC}") = "SvendeApi", "SvendeApi.csproj", "{B996CE36-BB0F-14C1-8813-E610F25EC02E}"
EndProject
Project("{FAE04EC0-301F-11D3-BF4B-00C04F79EFBC}") = "SvendeApi.Tests", "..\SvendeApi.Tests\SvendeApi.Tests.csproj", "{4CD1C585-62A5-4378-B37C-3DAA81588DDB}"
EndProject
Global
	GlobalSection(SolutionConfigurationPlatforms) = preSolution
		Debug|Any CPU = Debug|Any CPU
		Debug|x64 = Debug|x64
		Debug|x86 = Debug|x86
		Release|Any CPU = Release|Any CPU
		Release|x64 = Release|x64
		Release|x86 = Release|x86
	EndGlobalSection
	GlobalSection(ProjectConfigurationPlatforms) = postSolution
		{B996CE36-BB0F-14C1-8813-E610F25EC02E}.Debug|Any CPU.ActiveCfg = Debug|Any CPU
		{B996CE36-BB0F-14C1-8813-E610F25EC02E}.Debug|Any CPU.Build.0 = Debug|Any CPU
		{B996CE36-BB0F-14C1-8813-E610F25EC02E}.Debug|x64.ActiveCfg = Debug|Any CPU
		{B996CE36-BB0F-14C1-8813-E610F25EC02E}.Debug|x64.Build.0 = Debug|Any CPU
		{B996CE36-BB0F-14C1-8813-E610F25EC02E}.Debug|x86.ActiveCfg = Debug|Any CPU
		{B996CE36-BB0F-14C1-8813-E610F25EC02E}.Debug|x86.Build.0 = Debug|Any CPU
		{B996CE36-BB0F-14C1-8813-E610F25EC02E}.Release|Any CPU.ActiveCfg = Release|Any CPU
		{B996CE36-BB0F-14C1-8813-E610F25EC02E}.Release|Any CPU.Build.0 = Release|Any CPU
		{B996CE36-BB0F-14C1-8813-E610F25EC02E}.Release|x64.ActiveCfg = Release|Any CPU
		{B996CE36-BB0F-14C1-8813-E610F25EC02E}.Release|x64.Build.0 = Release|Any CPU
		{B996CE36-BB0F-14C1-8813-E610F25EC02E}.Release|x86.ActiveCfg = Release|Any CPU
		{B996CE36-BB0F-14C1-8813-E610F25EC02E}.Release|x86.Build.0 = Release|Any CPU
		{4CD1C585-62A5-4378-B37C-3DAA81588DDB}.Debug|Any CPU.ActiveCfg = Debug|Any CPU
		{4CD1C585-62A5-4378-B37C-3DAA81588DDB}.Debug|Any CPU.Build.0 = Debug|Any CPU
		{4CD1C585-62A5-4378-B37C-3DAA81588DDB}.Debug|x64.ActiveCfg = Debug|Any CPU
		{4CD1C585-62A5-4378-B37C-3DAA81588DDB}.Debug|x64.Build.0 = Debug|Any CPU
		{4CD1C585-62A5-4378-B37C-3DAA81588DDB}.Debug|x86.ActiveCfg = Debug|Any CPU
		{4CD1C585-62A5-4378-B37C-3DAA81588DDB}.Debug|x86.Build.0 = Debug|Any CPU
		{4CD1C585-62A5-4378-B37C-3DAA81588DDB}.Release|Any CPU.ActiveCfg = Release|Any CPU
		{4CD1C585-62A5-4378-B37C-3DAA81588DDB}.Release|Any CPU.Build.0 = Release|Any CPU
		{4CD1C585-62A5-4378-B37C-3DAA81588DDB}.Release|x64.ActiveCfg = Release|Any CPU
		{4CD1C585-62A5-4378-B37C-3DAA81588DDB}.Release|x64.Build.0 = Release|Any CPU
		{4CD1C585-62A5-4378-B37C-3DAA81588DDB}.Release|x86.ActiveCfg = Release|Any CPU
		{4CD1C585-62A5-4378-B37C-3DAA81588DDB}.Release|x86.Build.0 = Release|Any CPU
	EndGlobalSection
	GlobalSection(SolutionProperties) = preSolution
		HideSolutionNode = FALSE
	EndGlobalSection
	GlobalSection(ExtensibilityGlobals) = postSolution
		SolutionGuid = {B6799BF1-B976-4903-89FD-B7AD8D5AB40E}
	EndGlobalSection
EndGlobal
